<?xml version="1.0" encoding="UTF-8"?>
<CodeBlocks_project_file>
	<FileVersion major="1" minor="6"/>
	<Project>
		<Option title="Lab1"/>
		<Option makefile_is_custom="1"/>
		<Option compiler="gcc"/>
		<Option virtualFolders="CMake Files\;"/>
		<Build>
			<Target title="all">
				<Option working_dir="/Users/RyanKennedy/Desktop/CS-3353-Algorithms/Lab1/cmake-build-debug"/>
				<Option type="4"/>
				<MakeCommands>
					<Build command="/usr/bin/make -j4 -f &quot;/Users/RyanKennedy/Desktop/CS-3353-Algorithms/Lab1/cmake-build-debug/Makefile&quot;  VERBOSE=1 all"/>
					<CompileFile command="/usr/bin/make -j4 -f &quot;/Users/RyanKennedy/Desktop/CS-3353-Algorithms/Lab1/cmake-build-debug/Makefile&quot;  VERBOSE=1 &quot;$file&quot;"/>
					<Clean command="/usr/bin/make -j4 -f &quot;/Users/RyanKennedy/Desktop/CS-3353-Algorithms/Lab1/cmake-build-debug/Makefile&quot;  VERBOSE=1 clean"/>
					<DistClean command="/usr/bin/make -j4 -f &quot;/Users/RyanKennedy/Desktop/CS-3353-Algorithms/Lab1/cmake-build-debug/Makefile&quot;  VERBOSE=1 clean"/>
				</MakeCommands>
			</Target>
			<Target title="rebuild_cache">
				<Option working_dir="/Users/RyanKennedy/Desktop/CS-3353-Algorithms/Lab1/cmake-build-debug"/>
				<Option type="4"/>
				<MakeCommands>
					<Build command="/usr/bin/make -j4 -f &quot;/Users/RyanKennedy/Desktop/CS-3353-Algorithms/Lab1/cmake-build-debug/Makefile&quot;  VERBOSE=1 rebuild_cache"/>
					<CompileFile command="/usr/bin/make -j4 -f &quot;/Users/RyanKennedy/Desktop/CS-3353-Algorithms/Lab1/cmake-build-debug/Makefile&quot;  VERBOSE=1 &quot;$file&quot;"/>
					<Clean command="/usr/bin/make -j4 -f &quot;/Users/RyanKennedy/Desktop/CS-3353-Algorithms/Lab1/cmake-build-debug/Makefile&quot;  VERBOSE=1 clean"/>
					<DistClean command="/usr/bin/make -j4 -f &quot;/Users/RyanKennedy/Desktop/CS-3353-Algorithms/Lab1/cmake-build-debug/Makefile&quot;  VERBOSE=1 clean"/>
				</MakeCommands>
			</Target>
			<Target title="edit_cache">
				<Option working_dir="/Users/RyanKennedy/Desktop/CS-3353-Algorithms/Lab1/cmake-build-debug"/>
				<Option type="4"/>
				<MakeCommands>
					<Build command="/usr/bin/make -j4 -f &quot;/Users/RyanKennedy/Desktop/CS-3353-Algorithms/Lab1/cmake-build-debug/Makefile&quot;  VERBOSE=1 edit_cache"/>
					<CompileFile command="/usr/bin/make -j4 -f &quot;/Users/RyanKennedy/Desktop/CS-3353-Algorithms/Lab1/cmake-build-debug/Makefile&quot;  VERBOSE=1 &quot;$file&quot;"/>
					<Clean command="/usr/bin/make -j4 -f &quot;/Users/RyanKennedy/Desktop/CS-3353-Algorithms/Lab1/cmake-build-debug/Makefile&quot;  VERBOSE=1 clean"/>
					<DistClean command="/usr/bin/make -j4 -f &quot;/Users/RyanKennedy/Desktop/CS-3353-Algorithms/Lab1/cmake-build-debug/Makefile&quot;  VERBOSE=1 clean"/>
				</MakeCommands>
			</Target>
			<Target title="Lab1">
				<Option output="/Users/RyanKennedy/Desktop/CS-3353-Algorithms/Lab1/cmake-build-debug/Lab1" prefix_auto="0" extension_auto="0"/>
				<Option working_dir="/Users/RyanKennedy/Desktop/CS-3353-Algorithms/Lab1/cmake-build-debug"/>
				<Option object_output="./"/>
				<Option type="1"/>
				<Option compiler="gcc"/>
				<Compiler>
					<Add directory="/Library/Developer/CommandLineTools/usr/include/c++/v1"/>
					<Add directory="/usr/local/include"/>
					<Add directory="/Library/Developer/CommandLineTools/usr/lib/clang/10.0.1/include"/>
					<Add directory="/Library/Developer/CommandLineTools/usr/include"/>
					<Add directory="/System/Library/Frameworks"/>
					<Add directory="/Library/Frameworks"/>
				</Compiler>
				<MakeCommands>
					<Build command="/usr/bin/make -j4 -f &quot;/Users/RyanKennedy/Desktop/CS-3353-Algorithms/Lab1/cmake-build-debug/Makefile&quot;  VERBOSE=1 Lab1"/>
					<CompileFile command="/usr/bin/make -j4 -f &quot;/Users/RyanKennedy/Desktop/CS-3353-Algorithms/Lab1/cmake-build-debug/Makefile&quot;  VERBOSE=1 &quot;$file&quot;"/>
					<Clean command="/usr/bin/make -j4 -f &quot;/Users/RyanKennedy/Desktop/CS-3353-Algorithms/Lab1/cmake-build-debug/Makefile&quot;  VERBOSE=1 clean"/>
					<DistClean command="/usr/bin/make -j4 -f &quot;/Users/RyanKennedy/Desktop/CS-3353-Algorithms/Lab1/cmake-build-debug/Makefile&quot;  VERBOSE=1 clean"/>
				</MakeCommands>
			</Target>
			<Target title="Lab1/fast">
				<Option output="/Users/RyanKennedy/Desktop/CS-3353-Algorithms/Lab1/cmake-build-debug/Lab1" prefix_auto="0" extension_auto="0"/>
				<Option working_dir="/Users/RyanKennedy/Desktop/CS-3353-Algorithms/Lab1/cmake-build-debug"/>
				<Option object_output="./"/>
				<Option type="1"/>
				<Option compiler="gcc"/>
				<Compiler>
					<Add directory="/Library/Developer/CommandLineTools/usr/include/c++/v1"/>
					<Add directory="/usr/local/include"/>
					<Add directory="/Library/Developer/CommandLineTools/usr/lib/clang/10.0.1/include"/>
					<Add directory="/Library/Developer/CommandLineTools/usr/include"/>
					<Add directory="/System/Library/Frameworks"/>
					<Add directory="/Library/Frameworks"/>
				</Compiler>
				<MakeCommands>
					<Build command="/usr/bin/make -j4 -f &quot;/Users/RyanKennedy/Desktop/CS-3353-Algorithms/Lab1/cmake-build-debug/Makefile&quot;  VERBOSE=1 Lab1/fast"/>
					<CompileFile command="/usr/bin/make -j4 -f &quot;/Users/RyanKennedy/Desktop/CS-3353-Algorithms/Lab1/cmake-build-debug/Makefile&quot;  VERBOSE=1 &quot;$file&quot;"/>
					<Clean command="/usr/bin/make -j4 -f &quot;/Users/RyanKennedy/Desktop/CS-3353-Algorithms/Lab1/cmake-build-debug/Makefile&quot;  VERBOSE=1 clean"/>
					<DistClean command="/usr/bin/make -j4 -f &quot;/Users/RyanKennedy/Desktop/CS-3353-Algorithms/Lab1/cmake-build-debug/Makefile&quot;  VERBOSE=1 clean"/>
				</MakeCommands>
			</Target>
		</Build>
		<Unit filename="/Users/RyanKennedy/Desktop/CS-3353-Algorithms/Lab1/Algorithm.h">
			<Option target="Lab1"/>
		</Unit>
		<Unit filename="/Users/RyanKennedy/Desktop/CS-3353-Algorithms/Lab1/Bubble.cpp">
			<Option target="Lab1"/>
		</Unit>
		<Unit filename="/Users/RyanKennedy/Desktop/CS-3353-Algorithms/Lab1/Bubble.h">
			<Option target="Lab1"/>
		</Unit>
		<Unit filename="/Users/RyanKennedy/Desktop/CS-3353-Algorithms/Lab1/Insertion.cpp">
			<Option target="Lab1"/>
		</Unit>
		<Unit filename="/Users/RyanKennedy/Desktop/CS-3353-Algorithms/Lab1/Insertion.h">
			<Option target="Lab1"/>
		</Unit>
		<Unit filename="/Users/RyanKennedy/Desktop/CS-3353-Algorithms/Lab1/Merge.cpp">
			<Option target="Lab1"/>
		</Unit>
		<Unit filename="/Users/RyanKennedy/Desktop/CS-3353-Algorithms/Lab1/Merge.h">
			<Option target="Lab1"/>
		</Unit>
		<Unit filename="/Users/RyanKennedy/Desktop/CS-3353-Algorithms/Lab1/Sort.cpp">
			<Option target="Lab1"/>
		</Unit>
		<Unit filename="/Users/RyanKennedy/Desktop/CS-3353-Algorithms/Lab1/Sort.h">
			<Option target="Lab1"/>
		</Unit>
		<Unit filename="/Users/RyanKennedy/Desktop/CS-3353-Algorithms/Lab1/SortAlgorithm.h">
			<Option target="Lab1"/>
		</Unit>
		<Unit filename="/Users/RyanKennedy/Desktop/CS-3353-Algorithms/Lab1/generator.cpp">
			<Option target="Lab1"/>
		</Unit>
		<Unit filename="/Users/RyanKennedy/Desktop/CS-3353-Algorithms/Lab1/generator.h">
			<Option target="Lab1"/>
		</Unit>
		<Unit filename="/Users/RyanKennedy/Desktop/CS-3353-Algorithms/Lab1/main.cpp">
			<Option target="Lab1"/>
		</Unit>
		<Unit filename="/Users/RyanKennedy/Desktop/CS-3353-Algorithms/Lab1/CMakeLists.txt">
			<Option virtualFolder="CMake Files\"/>
		</Unit>
	</Project>
</CodeBlocks_project_file>
